
Microsoft Visual Studio Solution File, Format Version 12.00
# Visual Studio 15
VisualStudioVersion = 15.0.26403.7
MinimumVisualStudioVersion = 10.0.40219.1
Project("{F2A71F9B-5D33-465A-A702-920D77279786}") = "Itc", "Itc\Itc.fsproj", "{01380258-DE8F-41B8-9BB3-16EB9125C257}"
EndProject
Project("{F2A71F9B-5D33-465A-A702-920D77279786}") = "Itc.Tests", "Itc.Tests\Itc.Tests.fsproj", "{6CFC36FA-BB55-46C6-948B-B798027E99B8}"
EndProject
Global
	GlobalSection(SolutionConfigurationPlatforms) = preSolution
		Debug|Any CPU = Debug|Any CPU
		Release|Any CPU = Release|Any CPU
	EndGlobalSection
	GlobalSection(ProjectConfigurationPlatforms) = postSolution
		{01380258-DE8F-41B8-9BB3-16EB9125C257}.Debug|Any CPU.ActiveCfg = Debug|Any CPU
		{01380258-DE8F-41B8-9BB3-16EB9125C257}.Debug|Any CPU.Build.0 = Debug|Any CPU
		{01380258-DE8F-41B8-9BB3-16EB9125C257}.Release|Any CPU.ActiveCfg = Release|Any CPU
		{01380258-DE8F-41B8-9BB3-16EB9125C257}.Release|Any CPU.Build.0 = Release|Any CPU
		{6CFC36FA-BB55-46C6-948B-B798027E99B8}.Debug|Any CPU.ActiveCfg = Debug|Any CPU
		{6CFC36FA-BB55-46C6-948B-B798027E99B8}.Debug|Any CPU.Build.0 = Debug|Any CPU
		{6CFC36FA-BB55-46C6-948B-B798027E99B8}.Release|Any CPU.ActiveCfg = Release|Any CPU
		{6CFC36FA-BB55-46C6-948B-B798027E99B8}.Release|Any CPU.Build.0 = Release|Any CPU
	EndGlobalSection
	GlobalSection(SolutionProperties) = preSolution
		HideSolutionNode = FALSE
	EndGlobalSection
EndGlobal
